
Microsoft Visual Studio Solution File, Format Version 12.00
# Visual Studio 15
VisualStudioVersion = 15.0.26730.16
MinimumVisualStudioVersion = 10.0.40219.1
Project("{2150E333-8FDC-42A3-9474-1A3956D46DE8}") = "src", "src", "{738D1E54-155C-4E87-8AD7-3DDE65041155}"
EndProject
Project("{9A19103F-16F7-4668-BE54-9A1E7A4F7556}") = "ProjectUnknown.AspNetCore.Mvc.Formatters.MultipartRelated", "src\ProjectUnknown.AspNetCore.Mvc.Formatters.MultipartRelated\ProjectUnknown.AspNetCore.Mvc.Formatters.MultipartRelated.csproj", "{736DBB7D-6307-4B25-A980-A38FC676DEA0}"
EndProject
Project("{9A19103F-16F7-4668-BE54-9A1E7A4F7556}") = "ProjectUnknown.AspNetCore.OAuth", "src\ProjectUnknown.AspNetCore.OAuth\ProjectUnknown.AspNetCore.OAuth.csproj", "{94CD0E31-E737-4CF6-893E-872A3188417A}"
EndProject
Project("{2150E333-8FDC-42A3-9474-1A3956D46DE8}") = "samples", "samples", "{744DDF52-613F-486C-8F8A-7E176126C2A8}"
EndProject
Project("{9A19103F-16F7-4668-BE54-9A1E7A4F7556}") = "ProjectUnknown.AspNetCore.Extensions", "src\ProjectUnknown.AspNetCore.Extensions\ProjectUnknown.AspNetCore.Extensions.csproj", "{9F299C16-7ADE-4167-B0C0-9DA7CC52A148}"
EndProject
Project("{9A19103F-16F7-4668-BE54-9A1E7A4F7556}") = "ProjectUnknown.AspNetCore.OAuth.Swagger", "src\ProjectUnknown.AspNetCore.OAuth.Swagger\ProjectUnknown.AspNetCore.OAuth.Swagger.csproj", "{A95E3697-BA27-4E4B-87EB-07E5E1158BE8}"
EndProject
Project("{9A19103F-16F7-4668-BE54-9A1E7A4F7556}") = "MultipartRelatedSample", "samples\MultipartRelatedSample\MultipartRelatedSample.csproj", "{57B1A81A-5F2B-4A13-A420-2D7F7BD1162A}"
EndProject
Project("{FAE04EC0-301F-11D3-BF4B-00C04F79EFBC}") = "ProjectUnknown.AspNetCore.DataProtection.MongoDB", "src\ProjectUnknown.AspNetCore.DataProtection.MongoDB\ProjectUnknown.AspNetCore.DataProtection.MongoDB.csproj", "{B65DA17D-0630-43BA-B090-199519337A02}"
EndProject
Global
	GlobalSection(SolutionConfigurationPlatforms) = preSolution
		Debug|Any CPU = Debug|Any CPU
		Release|Any CPU = Release|Any CPU
	EndGlobalSection
	GlobalSection(ProjectConfigurationPlatforms) = postSolution
		{736DBB7D-6307-4B25-A980-A38FC676DEA0}.Debug|Any CPU.ActiveCfg = Debug|Any CPU
		{736DBB7D-6307-4B25-A980-A38FC676DEA0}.Debug|Any CPU.Build.0 = Debug|Any CPU
		{736DBB7D-6307-4B25-A980-A38FC676DEA0}.Release|Any CPU.ActiveCfg = Release|Any CPU
		{736DBB7D-6307-4B25-A980-A38FC676DEA0}.Release|Any CPU.Build.0 = Release|Any CPU
		{94CD0E31-E737-4CF6-893E-872A3188417A}.Debug|Any CPU.ActiveCfg = Debug|Any CPU
		{94CD0E31-E737-4CF6-893E-872A3188417A}.Debug|Any CPU.Build.0 = Debug|Any CPU
		{94CD0E31-E737-4CF6-893E-872A3188417A}.Release|Any CPU.ActiveCfg = Release|Any CPU
		{94CD0E31-E737-4CF6-893E-872A3188417A}.Release|Any CPU.Build.0 = Release|Any CPU
		{9F299C16-7ADE-4167-B0C0-9DA7CC52A148}.Debug|Any CPU.ActiveCfg = Debug|Any CPU
		{9F299C16-7ADE-4167-B0C0-9DA7CC52A148}.Debug|Any CPU.Build.0 = Debug|Any CPU
		{9F299C16-7ADE-4167-B0C0-9DA7CC52A148}.Release|Any CPU.ActiveCfg = Release|Any CPU
		{9F299C16-7ADE-4167-B0C0-9DA7CC52A148}.Release|Any CPU.Build.0 = Release|Any CPU
		{A95E3697-BA27-4E4B-87EB-07E5E1158BE8}.Debug|Any CPU.ActiveCfg = Debug|Any CPU
		{A95E3697-BA27-4E4B-87EB-07E5E1158BE8}.Debug|Any CPU.Build.0 = Debug|Any CPU
		{A95E3697-BA27-4E4B-87EB-07E5E1158BE8}.Release|Any CPU.ActiveCfg = Release|Any CPU
		{A95E3697-BA27-4E4B-87EB-07E5E1158BE8}.Release|Any CPU.Build.0 = Release|Any CPU
		{57B1A81A-5F2B-4A13-A420-2D7F7BD1162A}.Debug|Any CPU.ActiveCfg = Debug|Any CPU
		{57B1A81A-5F2B-4A13-A420-2D7F7BD1162A}.Debug|Any CPU.Build.0 = Debug|Any CPU
		{57B1A81A-5F2B-4A13-A420-2D7F7BD1162A}.Release|Any CPU.ActiveCfg = Release|Any CPU
		{57B1A81A-5F2B-4A13-A420-2D7F7BD1162A}.Release|Any CPU.Build.0 = Release|Any CPU
		{B65DA17D-0630-43BA-B090-199519337A02}.Debug|Any CPU.ActiveCfg = Debug|Any CPU
		{B65DA17D-0630-43BA-B090-199519337A02}.Debug|Any CPU.Build.0 = Debug|Any CPU
		{B65DA17D-0630-43BA-B090-199519337A02}.Release|Any CPU.ActiveCfg = Release|Any CPU
		{B65DA17D-0630-43BA-B090-199519337A02}.Release|Any CPU.Build.0 = Release|Any CPU
	EndGlobalSection
	GlobalSection(SolutionProperties) = preSolution
		HideSolutionNode = FALSE
	EndGlobalSection
	GlobalSection(NestedProjects) = preSolution
		{736DBB7D-6307-4B25-A980-A38FC676DEA0} = {738D1E54-155C-4E87-8AD7-3DDE65041155}
		{94CD0E31-E737-4CF6-893E-872A3188417A} = {738D1E54-155C-4E87-8AD7-3DDE65041155}
		{9F299C16-7ADE-4167-B0C0-9DA7CC52A148} = {738D1E54-155C-4E87-8AD7-3DDE65041155}
		{A95E3697-BA27-4E4B-87EB-07E5E1158BE8} = {738D1E54-155C-4E87-8AD7-3DDE65041155}
		{57B1A81A-5F2B-4A13-A420-2D7F7BD1162A} = {744DDF52-613F-486C-8F8A-7E176126C2A8}
		{B65DA17D-0630-43BA-B090-199519337A02} = {738D1E54-155C-4E87-8AD7-3DDE65041155}
	EndGlobalSection
	GlobalSection(ExtensibilityGlobals) = postSolution
		SolutionGuid = {A0EB094C-D7F7-4CF1-A5F7-B655B27FDD04}
	EndGlobalSection
EndGlobal
